
Microsoft Visual Studio Solution File, Format Version 12.00
# Visual Studio Version 16
VisualStudioVersion = 16.0.32126.315
MinimumVisualStudioVersion = 10.0.40219.1
Project("{FAE04EC0-301F-11D3-BF4B-00C04F79EFBC}") = "my-books", "my-books.csproj", "{027CE9F8-871E-4128-A459-B5AC64A004D8}"
EndProject
Global
	GlobalSection(SolutionConfigurationPlatforms) = preSolution
		Debug|Any CPU = Debug|Any CPU
		Release|Any CPU = Release|Any CPU
	EndGlobalSection
	GlobalSection(ProjectConfigurationPlatforms) = postSolution
		{027CE9F8-871E-4128-A459-B5AC64A004D8}.Debug|Any CPU.ActiveCfg = Debug|Any CPU
		{027CE9F8-871E-4128-A459-B5AC64A004D8}.Debug|Any CPU.Build.0 = Debug|Any CPU
		{027CE9F8-871E-4128-A459-B5AC64A004D8}.Release|Any CPU.ActiveCfg = Release|Any CPU
		{027CE9F8-871E-4128-A459-B5AC64A004D8}.Release|Any CPU.Build.0 = Release|Any CPU
	EndGlobalSection
	GlobalSection(SolutionProperties) = preSolution
		HideSolutionNode = FALSE
	EndGlobalSection
	GlobalSection(ExtensibilityGlobals) = postSolution
		SolutionGuid = {DA60652E-B779-44D4-9C1D-11773ED03753}
	EndGlobalSection
EndGlobal
